
Microsoft Visual Studio Solution File, Format Version 12.00
# Visual Studio Version 17
VisualStudioVersion = 17.0.31903.59
MinimumVisualStudioVersion = 10.0.40219.1
Project("{2150E333-8FDC-42A3-9474-1A3956D46DE8}") = "src", "src", "{827E0CD3-B72D-47B6-A68D-7590B98EB39B}"
EndProject
Project("{FAE04EC0-301F-11D3-BF4B-00C04F79EFBC}") = "Caudal.Core", "src\Caudal.Core\Caudal.Core.csproj", "{CFF192AF-DE58-4E0B-B92B-6EE16B16D284}"
EndProject
Project("{2150E333-8FDC-42A3-9474-1A3956D46DE8}") = "tests", "tests", "{0AB3BF05-4346-4AA6-1389-037BE0695223}"
EndProject
Project("{FAE04EC0-301F-11D3-BF4B-00C04F79EFBC}") = "Caudal.Core.Tests", "tests\Caudal.Core.Tests\Caudal.Core.Tests.csproj", "{5BF7029E-50EF-4F3B-9268-924120F2818B}"
EndProject
Project("{2150E333-8FDC-42A3-9474-1A3956D46DE8}") = "samples", "samples", "{5D20AA90-6969-D8BD-9DCD-8634F4692FDA}"
EndProject
Project("{FAE04EC0-301F-11D3-BF4B-00C04F79EFBC}") = "MarketData", "samples\MarketData\MarketData.csproj", "{B240CA9B-54EF-441C-AE42-B6A21928787D}"
EndProject
Project("{FAE04EC0-301F-11D3-BF4B-00C04F79EFBC}") = "FileProcessing", "samples\FileProcessing\FileProcessing.csproj", "{A59F6641-812F-4531-A019-B02EC1011203}"
EndProject
Project("{FAE04EC0-301F-11D3-BF4B-00C04F79EFBC}") = "Caudal.Resilience", "src\Caudal.Resilience\Caudal.Resilience.csproj", "{E8D03463-36FF-4B31-AB56-0C2D89A1BAC8}"
EndProject
Project("{FAE04EC0-301F-11D3-BF4B-00C04F79EFBC}") = "Caudal.RateLimiting", "src\Caudal.RateLimiting\Caudal.RateLimiting.csproj", "{A61587FC-E136-47E8-9DE1-C7454B18D80D}"
EndProject
Project("{FAE04EC0-301F-11D3-BF4B-00C04F79EFBC}") = "ApiRateLimiting", "samples\ApiRateLimiting\ApiRateLimiting.csproj", "{564CE87B-841A-4C4A-891D-F0EE6950B1DB}"
EndProject
Project("{FAE04EC0-301F-11D3-BF4B-00C04F79EFBC}") = "Caudal.Diagnostics", "src\Caudal.Diagnostics\Caudal.Diagnostics.csproj", "{3BDF7423-7AFF-4466-921B-AD22A7F76A5C}"
EndProject
Project("{FAE04EC0-301F-11D3-BF4B-00C04F79EFBC}") = "Caudal.Testing", "src\Caudal.Testing\Caudal.Testing.csproj", "{3BE65F4A-40AE-4D0F-BC44-87B3DD3DDA91}"
EndProject
Project("{FAE04EC0-301F-11D3-BF4B-00C04F79EFBC}") = "Caudal.Testing.Tests", "tests\Caudal.Testing.Tests\Caudal.Testing.Tests.csproj", "{61901790-6C83-4FFF-AF0B-707902EFD6A4}"
EndProject
Project("{2150E333-8FDC-42A3-9474-1A3956D46DE8}") = "benchmarks", "benchmarks", "{66320409-64EC-F7C5-3DEF-65E7510DAAD1}"
EndProject
Project("{FAE04EC0-301F-11D3-BF4B-00C04F79EFBC}") = "Caudal.Benchmarks", "benchmarks\Caudal.Benchmarks\Caudal.Benchmarks.csproj", "{4DFB40D4-0345-4736-BA08-4D7B980EC1CD}"
EndProject
Global
	GlobalSection(SolutionConfigurationPlatforms) = preSolution
		Debug|Any CPU = Debug|Any CPU
		Debug|x64 = Debug|x64
		Debug|x86 = Debug|x86
		Release|Any CPU = Release|Any CPU
		Release|x64 = Release|x64
		Release|x86 = Release|x86
	EndGlobalSection
	GlobalSection(ProjectConfigurationPlatforms) = postSolution
		{CFF192AF-DE58-4E0B-B92B-6EE16B16D284}.Debug|Any CPU.ActiveCfg = Debug|Any CPU
		{CFF192AF-DE58-4E0B-B92B-6EE16B16D284}.Debug|Any CPU.Build.0 = Debug|Any CPU
		{CFF192AF-DE58-4E0B-B92B-6EE16B16D284}.Debug|x64.ActiveCfg = Debug|Any CPU
		{CFF192AF-DE58-4E0B-B92B-6EE16B16D284}.Debug|x64.Build.0 = Debug|Any CPU
		{CFF192AF-DE58-4E0B-B92B-6EE16B16D284}.Debug|x86.ActiveCfg = Debug|Any CPU
		{CFF192AF-DE58-4E0B-B92B-6EE16B16D284}.Debug|x86.Build.0 = Debug|Any CPU
		{CFF192AF-DE58-4E0B-B92B-6EE16B16D284}.Release|Any CPU.ActiveCfg = Release|Any CPU
		{CFF192AF-DE58-4E0B-B92B-6EE16B16D284}.Release|Any CPU.Build.0 = Release|Any CPU
		{CFF192AF-DE58-4E0B-B92B-6EE16B16D284}.Release|x64.ActiveCfg = Release|Any CPU
		{CFF192AF-DE58-4E0B-B92B-6EE16B16D284}.Release|x64.Build.0 = Release|Any CPU
		{CFF192AF-DE58-4E0B-B92B-6EE16B16D284}.Release|x86.ActiveCfg = Release|Any CPU
		{CFF192AF-DE58-4E0B-B92B-6EE16B16D284}.Release|x86.Build.0 = Release|Any CPU
		{5BF7029E-50EF-4F3B-9268-924120F2818B}.Debug|Any CPU.ActiveCfg = Debug|Any CPU
		{5BF7029E-50EF-4F3B-9268-924120F2818B}.Debug|Any CPU.Build.0 = Debug|Any CPU
		{5BF7029E-50EF-4F3B-9268-924120F2818B}.Debug|x64.ActiveCfg = Debug|Any CPU
		{5BF7029E-50EF-4F3B-9268-924120F2818B}.Debug|x64.Build.0 = Debug|Any CPU
		{5BF7029E-50EF-4F3B-9268-924120F2818B}.Debug|x86.ActiveCfg = Debug|Any CPU
		{5BF7029E-50EF-4F3B-9268-924120F2818B}.Debug|x86.Build.0 = Debug|Any CPU
		{5BF7029E-50EF-4F3B-9268-924120F2818B}.Release|Any CPU.ActiveCfg = Release|Any CPU
		{5BF7029E-50EF-4F3B-9268-924120F2818B}.Release|Any CPU.Build.0 = Release|Any CPU
		{5BF7029E-50EF-4F3B-9268-924120F2818B}.Release|x64.ActiveCfg = Release|Any CPU
		{5BF7029E-50EF-4F3B-9268-924120F2818B}.Release|x64.Build.0 = Release|Any CPU
		{5BF7029E-50EF-4F3B-9268-924120F2818B}.Release|x86.ActiveCfg = Release|Any CPU
		{5BF7029E-50EF-4F3B-9268-924120F2818B}.Release|x86.Build.0 = Release|Any CPU
		{B240CA9B-54EF-441C-AE42-B6A21928787D}.Debug|Any CPU.ActiveCfg = Debug|Any CPU
		{B240CA9B-54EF-441C-AE42-B6A21928787D}.Debug|Any CPU.Build.0 = Debug|Any CPU
		{B240CA9B-54EF-441C-AE42-B6A21928787D}.Debug|x64.ActiveCfg = Debug|Any CPU
		{B240CA9B-54EF-441C-AE42-B6A21928787D}.Debug|x64.Build.0 = Debug|Any CPU
		{B240CA9B-54EF-441C-AE42-B6A21928787D}.Debug|x86.ActiveCfg = Debug|Any CPU
		{B240CA9B-54EF-441C-AE42-B6A21928787D}.Debug|x86.Build.0 = Debug|Any CPU
		{B240CA9B-54EF-441C-AE42-B6A21928787D}.Release|Any CPU.ActiveCfg = Release|Any CPU
		{B240CA9B-54EF-441C-AE42-B6A21928787D}.Release|Any CPU.Build.0 = Release|Any CPU
		{B240CA9B-54EF-441C-AE42-B6A21928787D}.Release|x64.ActiveCfg = Release|Any CPU
		{B240CA9B-54EF-441C-AE42-B6A21928787D}.Release|x64.Build.0 = Release|Any CPU
		{B240CA9B-54EF-441C-AE42-B6A21928787D}.Release|x86.ActiveCfg = Release|Any CPU
		{B240CA9B-54EF-441C-AE42-B6A21928787D}.Release|x86.Build.0 = Release|Any CPU
		{A59F6641-812F-4531-A019-B02EC1011203}.Debug|Any CPU.ActiveCfg = Debug|Any CPU
		{A59F6641-812F-4531-A019-B02EC1011203}.Debug|Any CPU.Build.0 = Debug|Any CPU
		{A59F6641-812F-4531-A019-B02EC1011203}.Debug|x64.ActiveCfg = Debug|Any CPU
		{A59F6641-812F-4531-A019-B02EC1011203}.Debug|x64.Build.0 = Debug|Any CPU
		{A59F6641-812F-4531-A019-B02EC1011203}.Debug|x86.ActiveCfg = Debug|Any CPU
		{A59F6641-812F-4531-A019-B02EC1011203}.Debug|x86.Build.0 = Debug|Any CPU
		{A59F6641-812F-4531-A019-B02EC1011203}.Release|Any CPU.ActiveCfg = Release|Any CPU
		{A59F6641-812F-4531-A019-B02EC1011203}.Release|Any CPU.Build.0 = Release|Any CPU
		{A59F6641-812F-4531-A019-B02EC1011203}.Release|x64.ActiveCfg = Release|Any CPU
		{A59F6641-812F-4531-A019-B02EC1011203}.Release|x64.Build.0 = Release|Any CPU
		{A59F6641-812F-4531-A019-B02EC1011203}.Release|x86.ActiveCfg = Release|Any CPU
		{A59F6641-812F-4531-A019-B02EC1011203}.Release|x86.Build.0 = Release|Any CPU
		{E8D03463-36FF-4B31-AB56-0C2D89A1BAC8}.Debug|Any CPU.ActiveCfg = Debug|Any CPU
		{E8D03463-36FF-4B31-AB56-0C2D89A1BAC8}.Debug|Any CPU.Build.0 = Debug|Any CPU
		{E8D03463-36FF-4B31-AB56-0C2D89A1BAC8}.Debug|x64.ActiveCfg = Debug|Any CPU
		{E8D03463-36FF-4B31-AB56-0C2D89A1BAC8}.Debug|x64.Build.0 = Debug|Any CPU
		{E8D03463-36FF-4B31-AB56-0C2D89A1BAC8}.Debug|x86.ActiveCfg = Debug|Any CPU
		{E8D03463-36FF-4B31-AB56-0C2D89A1BAC8}.Debug|x86.Build.0 = Debug|Any CPU
		{E8D03463-36FF-4B31-AB56-0C2D89A1BAC8}.Release|Any CPU.ActiveCfg = Release|Any CPU
		{E8D03463-36FF-4B31-AB56-0C2D89A1BAC8}.Release|Any CPU.Build.0 = Release|Any CPU
		{E8D03463-36FF-4B31-AB56-0C2D89A1BAC8}.Release|x64.ActiveCfg = Release|Any CPU
		{E8D03463-36FF-4B31-AB56-0C2D89A1BAC8}.Release|x64.Build.0 = Release|Any CPU
		{E8D03463-36FF-4B31-AB56-0C2D89A1BAC8}.Release|x86.ActiveCfg = Release|Any CPU
		{E8D03463-36FF-4B31-AB56-0C2D89A1BAC8}.Release|x86.Build.0 = Release|Any CPU
		{A61587FC-E136-47E8-9DE1-C7454B18D80D}.Debug|Any CPU.ActiveCfg = Debug|Any CPU
		{A61587FC-E136-47E8-9DE1-C7454B18D80D}.Debug|Any CPU.Build.0 = Debug|Any CPU
		{A61587FC-E136-47E8-9DE1-C7454B18D80D}.Debug|x64.ActiveCfg = Debug|Any CPU
		{A61587FC-E136-47E8-9DE1-C7454B18D80D}.Debug|x64.Build.0 = Debug|Any CPU
		{A61587FC-E136-47E8-9DE1-C7454B18D80D}.Debug|x86.ActiveCfg = Debug|Any CPU
		{A61587FC-E136-47E8-9DE1-C7454B18D80D}.Debug|x86.Build.0 = Debug|Any CPU
		{A61587FC-E136-47E8-9DE1-C7454B18D80D}.Release|Any CPU.ActiveCfg = Release|Any CPU
		{A61587FC-E136-47E8-9DE1-C7454B18D80D}.Release|Any CPU.Build.0 = Release|Any CPU
		{A61587FC-E136-47E8-9DE1-C7454B18D80D}.Release|x64.ActiveCfg = Release|Any CPU
		{A61587FC-E136-47E8-9DE1-C7454B18D80D}.Release|x64.Build.0 = Release|Any CPU
		{A61587FC-E136-47E8-9DE1-C7454B18D80D}.Release|x86.ActiveCfg = Release|Any CPU
		{A61587FC-E136-47E8-9DE1-C7454B18D80D}.Release|x86.Build.0 = Release|Any CPU
		{564CE87B-841A-4C4A-891D-F0EE6950B1DB}.Debug|Any CPU.ActiveCfg = Debug|Any CPU
		{564CE87B-841A-4C4A-891D-F0EE6950B1DB}.Debug|Any CPU.Build.0 = Debug|Any CPU
		{564CE87B-841A-4C4A-891D-F0EE6950B1DB}.Debug|x64.ActiveCfg = Debug|Any CPU
		{564CE87B-841A-4C4A-891D-F0EE6950B1DB}.Debug|x64.Build.0 = Debug|Any CPU
		{564CE87B-841A-4C4A-891D-F0EE6950B1DB}.Debug|x86.ActiveCfg = Debug|Any CPU
		{564CE87B-841A-4C4A-891D-F0EE6950B1DB}.Debug|x86.Build.0 = Debug|Any CPU
		{564CE87B-841A-4C4A-891D-F0EE6950B1DB}.Release|Any CPU.ActiveCfg = Release|Any CPU
		{564CE87B-841A-4C4A-891D-F0EE6950B1DB}.Release|Any CPU.Build.0 = Release|Any CPU
		{564CE87B-841A-4C4A-891D-F0EE6950B1DB}.Release|x64.ActiveCfg = Release|Any CPU
		{564CE87B-841A-4C4A-891D-F0EE6950B1DB}.Release|x64.Build.0 = Release|Any CPU
		{564CE87B-841A-4C4A-891D-F0EE6950B1DB}.Release|x86.ActiveCfg = Release|Any CPU
		{564CE87B-841A-4C4A-891D-F0EE6950B1DB}.Release|x86.Build.0 = Release|Any CPU
		{3BDF7423-7AFF-4466-921B-AD22A7F76A5C}.Debug|Any CPU.ActiveCfg = Debug|Any CPU
		{3BDF7423-7AFF-4466-921B-AD22A7F76A5C}.Debug|Any CPU.Build.0 = Debug|Any CPU
		{3BDF7423-7AFF-4466-921B-AD22A7F76A5C}.Debug|x64.ActiveCfg = Debug|Any CPU
		{3BDF7423-7AFF-4466-921B-AD22A7F76A5C}.Debug|x64.Build.0 = Debug|Any CPU
		{3BDF7423-7AFF-4466-921B-AD22A7F76A5C}.Debug|x86.ActiveCfg = Debug|Any CPU
		{3BDF7423-7AFF-4466-921B-AD22A7F76A5C}.Debug|x86.Build.0 = Debug|Any CPU
		{3BDF7423-7AFF-4466-921B-AD22A7F76A5C}.Release|Any CPU.ActiveCfg = Release|Any CPU
		{3BDF7423-7AFF-4466-921B-AD22A7F76A5C}.Release|Any CPU.Build.0 = Release|Any CPU
		{3BDF7423-7AFF-4466-921B-AD22A7F76A5C}.Release|x64.ActiveCfg = Release|Any CPU
		{3BDF7423-7AFF-4466-921B-AD22A7F76A5C}.Release|x64.Build.0 = Release|Any CPU
		{3BDF7423-7AFF-4466-921B-AD22A7F76A5C}.Release|x86.ActiveCfg = Release|Any CPU
		{3BDF7423-7AFF-4466-921B-AD22A7F76A5C}.Release|x86.Build.0 = Release|Any CPU
		{3BE65F4A-40AE-4D0F-BC44-87B3DD3DDA91}.Debug|Any CPU.ActiveCfg = Debug|Any CPU
		{3BE65F4A-40AE-4D0F-BC44-87B3DD3DDA91}.Debug|Any CPU.Build.0 = Debug|Any CPU
		{3BE65F4A-40AE-4D0F-BC44-87B3DD3DDA91}.Debug|x64.ActiveCfg = Debug|Any CPU
		{3BE65F4A-40AE-4D0F-BC44-87B3DD3DDA91}.Debug|x64.Build.0 = Debug|Any CPU
		{3BE65F4A-40AE-4D0F-BC44-87B3DD3DDA91}.Debug|x86.ActiveCfg = Debug|Any CPU
		{3BE65F4A-40AE-4D0F-BC44-87B3DD3DDA91}.Debug|x86.Build.0 = Debug|Any CPU
		{3BE65F4A-40AE-4D0F-BC44-87B3DD3DDA91}.Release|Any CPU.ActiveCfg = Release|Any CPU
		{3BE65F4A-40AE-4D0F-BC44-87B3DD3DDA91}.Release|Any CPU.Build.0 = Release|Any CPU
		{3BE65F4A-40AE-4D0F-BC44-87B3DD3DDA91}.Release|x64.ActiveCfg = Release|Any CPU
		{3BE65F4A-40AE-4D0F-BC44-87B3DD3DDA91}.Release|x64.Build.0 = Release|Any CPU
		{3BE65F4A-40AE-4D0F-BC44-87B3DD3DDA91}.Release|x86.ActiveCfg = Release|Any CPU
		{3BE65F4A-40AE-4D0F-BC44-87B3DD3DDA91}.Release|x86.Build.0 = Release|Any CPU
		{61901790-6C83-4FFF-AF0B-707902EFD6A4}.Debug|Any CPU.ActiveCfg = Debug|Any CPU
		{61901790-6C83-4FFF-AF0B-707902EFD6A4}.Debug|Any CPU.Build.0 = Debug|Any CPU
		{61901790-6C83-4FFF-AF0B-707902EFD6A4}.Debug|x64.ActiveCfg = Debug|Any CPU
		{61901790-6C83-4FFF-AF0B-707902EFD6A4}.Debug|x64.Build.0 = Debug|Any CPU
		{61901790-6C83-4FFF-AF0B-707902EFD6A4}.Debug|x86.ActiveCfg = Debug|Any CPU
		{61901790-6C83-4FFF-AF0B-707902EFD6A4}.Debug|x86.Build.0 = Debug|Any CPU
		{61901790-6C83-4FFF-AF0B-707902EFD6A4}.Release|Any CPU.ActiveCfg = Release|Any CPU
		{61901790-6C83-4FFF-AF0B-707902EFD6A4}.Release|Any CPU.Build.0 = Release|Any CPU
		{61901790-6C83-4FFF-AF0B-707902EFD6A4}.Release|x64.ActiveCfg = Release|Any CPU
		{61901790-6C83-4FFF-AF0B-707902EFD6A4}.Release|x64.Build.0 = Release|Any CPU
		{61901790-6C83-4FFF-AF0B-707902EFD6A4}.Release|x86.ActiveCfg = Release|Any CPU
		{61901790-6C83-4FFF-AF0B-707902EFD6A4}.Release|x86.Build.0 = Release|Any CPU
		{4DFB40D4-0345-4736-BA08-4D7B980EC1CD}.Debug|Any CPU.ActiveCfg = Debug|Any CPU
		{4DFB40D4-0345-4736-BA08-4D7B980EC1CD}.Debug|Any CPU.Build.0 = Debug|Any CPU
		{4DFB40D4-0345-4736-BA08-4D7B980EC1CD}.Debug|x64.ActiveCfg = Debug|Any CPU
		{4DFB40D4-0345-4736-BA08-4D7B980EC1CD}.Debug|x64.Build.0 = Debug|Any CPU
		{4DFB40D4-0345-4736-BA08-4D7B980EC1CD}.Debug|x86.ActiveCfg = Debug|Any CPU
		{4DFB40D4-0345-4736-BA08-4D7B980EC1CD}.Debug|x86.Build.0 = Debug|Any CPU
		{4DFB40D4-0345-4736-BA08-4D7B980EC1CD}.Release|Any CPU.ActiveCfg = Release|Any CPU
		{4DFB40D4-0345-4736-BA08-4D7B980EC1CD}.Release|Any CPU.Build.0 = Release|Any CPU
		{4DFB40D4-0345-4736-BA08-4D7B980EC1CD}.Release|x64.ActiveCfg = Release|Any CPU
		{4DFB40D4-0345-4736-BA08-4D7B980EC1CD}.Release|x64.Build.0 = Release|Any CPU
		{4DFB40D4-0345-4736-BA08-4D7B980EC1CD}.Release|x86.ActiveCfg = Release|Any CPU
		{4DFB40D4-0345-4736-BA08-4D7B980EC1CD}.Release|x86.Build.0 = Release|Any CPU
	EndGlobalSection
	GlobalSection(SolutionProperties) = preSolution
		HideSolutionNode = FALSE
	EndGlobalSection
	GlobalSection(NestedProjects) = preSolution
		{CFF192AF-DE58-4E0B-B92B-6EE16B16D284} = {827E0CD3-B72D-47B6-A68D-7590B98EB39B}
		{5BF7029E-50EF-4F3B-9268-924120F2818B} = {0AB3BF05-4346-4AA6-1389-037BE0695223}
		{B240CA9B-54EF-441C-AE42-B6A21928787D} = {5D20AA90-6969-D8BD-9DCD-8634F4692FDA}
		{A59F6641-812F-4531-A019-B02EC1011203} = {5D20AA90-6969-D8BD-9DCD-8634F4692FDA}
		{E8D03463-36FF-4B31-AB56-0C2D89A1BAC8} = {827E0CD3-B72D-47B6-A68D-7590B98EB39B}
		{A61587FC-E136-47E8-9DE1-C7454B18D80D} = {827E0CD3-B72D-47B6-A68D-7590B98EB39B}
		{564CE87B-841A-4C4A-891D-F0EE6950B1DB} = {5D20AA90-6969-D8BD-9DCD-8634F4692FDA}
		{3BDF7423-7AFF-4466-921B-AD22A7F76A5C} = {827E0CD3-B72D-47B6-A68D-7590B98EB39B}
		{3BE65F4A-40AE-4D0F-BC44-87B3DD3DDA91} = {827E0CD3-B72D-47B6-A68D-7590B98EB39B}
		{61901790-6C83-4FFF-AF0B-707902EFD6A4} = {0AB3BF05-4346-4AA6-1389-037BE0695223}
		{4DFB40D4-0345-4736-BA08-4D7B980EC1CD} = {66320409-64EC-F7C5-3DEF-65E7510DAAD1}
	EndGlobalSection
EndGlobal
