
Microsoft Visual Studio Solution File, Format Version 12.00
# Visual Studio Version 17
VisualStudioVersion = 17.0.31903.59
MinimumVisualStudioVersion = 10.0.40219.1
Project("{2150E333-8FDC-42A3-9474-1A3956D46DE8}") = "src", "src", "{827E0CD3-B72D-47B6-A68D-7590B98EB39B}"
EndProject
Project("{FAE04EC0-301F-11D3-BF4B-00C04F79EFBC}") = "Caudal.Core", "src\Caudal.Core\Caudal.Core.csproj", "{CFF192AF-DE58-4E0B-B92B-6EE16B16D284}"
EndProject
Project("{2150E333-8FDC-42A3-9474-1A3956D46DE8}") = "tests", "tests", "{0AB3BF05-4346-4AA6-1389-037BE0695223}"
EndProject
Project("{FAE04EC0-301F-11D3-BF4B-00C04F79EFBC}") = "Caudal.Core.Tests", "tests\Caudal.Core.Tests\Caudal.Core.Tests.csproj", "{5BF7029E-50EF-4F3B-9268-924120F2818B}"
EndProject
Project("{2150E333-8FDC-42A3-9474-1A3956D46DE8}") = "samples", "samples", "{5D20AA90-6969-D8BD-9DCD-8634F4692FDA}"
EndProject
Project("{FAE04EC0-301F-11D3-BF4B-00C04F79EFBC}") = "MarketData", "samples\MarketData\MarketData.csproj", "{B240CA9B-54EF-441C-AE42-B6A21928787D}"
EndProject
Project("{FAE04EC0-301F-11D3-BF4B-00C04F79EFBC}") = "FileProcessing", "samples\FileProcessing\FileProcessing.csproj", "{A59F6641-812F-4531-A019-B02EC1011203}"
EndProject
Global
	GlobalSection(SolutionConfigurationPlatforms) = preSolution
		Debug|Any CPU = Debug|Any CPU
		Debug|x64 = Debug|x64
		Debug|x86 = Debug|x86
		Release|Any CPU = Release|Any CPU
		Release|x64 = Release|x64
		Release|x86 = Release|x86
	EndGlobalSection
	GlobalSection(ProjectConfigurationPlatforms) = postSolution
		{CFF192AF-DE58-4E0B-B92B-6EE16B16D284}.Debug|Any CPU.ActiveCfg = Debug|Any CPU
		{CFF192AF-DE58-4E0B-B92B-6EE16B16D284}.Debug|Any CPU.Build.0 = Debug|Any CPU
		{CFF192AF-DE58-4E0B-B92B-6EE16B16D284}.Debug|x64.ActiveCfg = Debug|Any CPU
		{CFF192AF-DE58-4E0B-B92B-6EE16B16D284}.Debug|x64.Build.0 = Debug|Any CPU
		{CFF192AF-DE58-4E0B-B92B-6EE16B16D284}.Debug|x86.ActiveCfg = Debug|Any CPU
		{CFF192AF-DE58-4E0B-B92B-6EE16B16D284}.Debug|x86.Build.0 = Debug|Any CPU
		{CFF192AF-DE58-4E0B-B92B-6EE16B16D284}.Release|Any CPU.ActiveCfg = Release|Any CPU
		{CFF192AF-DE58-4E0B-B92B-6EE16B16D284}.Release|Any CPU.Build.0 = Release|Any CPU
		{CFF192AF-DE58-4E0B-B92B-6EE16B16D284}.Release|x64.ActiveCfg = Release|Any CPU
		{CFF192AF-DE58-4E0B-B92B-6EE16B16D284}.Release|x64.Build.0 = Release|Any CPU
		{CFF192AF-DE58-4E0B-B92B-6EE16B16D284}.Release|x86.ActiveCfg = Release|Any CPU
		{CFF192AF-DE58-4E0B-B92B-6EE16B16D284}.Release|x86.Build.0 = Release|Any CPU
		{5BF7029E-50EF-4F3B-9268-924120F2818B}.Debug|Any CPU.ActiveCfg = Debug|Any CPU
		{5BF7029E-50EF-4F3B-9268-924120F2818B}.Debug|Any CPU.Build.0 = Debug|Any CPU
		{5BF7029E-50EF-4F3B-9268-924120F2818B}.Debug|x64.ActiveCfg = Debug|Any CPU
		{5BF7029E-50EF-4F3B-9268-924120F2818B}.Debug|x64.Build.0 = Debug|Any CPU
		{5BF7029E-50EF-4F3B-9268-924120F2818B}.Debug|x86.ActiveCfg = Debug|Any CPU
		{5BF7029E-50EF-4F3B-9268-924120F2818B}.Debug|x86.Build.0 = Debug|Any CPU
		{5BF7029E-50EF-4F3B-9268-924120F2818B}.Release|Any CPU.ActiveCfg = Release|Any CPU
		{5BF7029E-50EF-4F3B-9268-924120F2818B}.Release|Any CPU.Build.0 = Release|Any CPU
		{5BF7029E-50EF-4F3B-9268-924120F2818B}.Release|x64.ActiveCfg = Release|Any CPU
		{5BF7029E-50EF-4F3B-9268-924120F2818B}.Release|x64.Build.0 = Release|Any CPU
		{5BF7029E-50EF-4F3B-9268-924120F2818B}.Release|x86.ActiveCfg = Release|Any CPU
		{5BF7029E-50EF-4F3B-9268-924120F2818B}.Release|x86.Build.0 = Release|Any CPU
		{B240CA9B-54EF-441C-AE42-B6A21928787D}.Debug|Any CPU.ActiveCfg = Debug|Any CPU
		{B240CA9B-54EF-441C-AE42-B6A21928787D}.Debug|Any CPU.Build.0 = Debug|Any CPU
		{B240CA9B-54EF-441C-AE42-B6A21928787D}.Debug|x64.ActiveCfg = Debug|Any CPU
		{B240CA9B-54EF-441C-AE42-B6A21928787D}.Debug|x64.Build.0 = Debug|Any CPU
		{B240CA9B-54EF-441C-AE42-B6A21928787D}.Debug|x86.ActiveCfg = Debug|Any CPU
		{B240CA9B-54EF-441C-AE42-B6A21928787D}.Debug|x86.Build.0 = Debug|Any CPU
		{B240CA9B-54EF-441C-AE42-B6A21928787D}.Release|Any CPU.ActiveCfg = Release|Any CPU
		{B240CA9B-54EF-441C-AE42-B6A21928787D}.Release|Any CPU.Build.0 = Release|Any CPU
		{B240CA9B-54EF-441C-AE42-B6A21928787D}.Release|x64.ActiveCfg = Release|Any CPU
		{B240CA9B-54EF-441C-AE42-B6A21928787D}.Release|x64.Build.0 = Release|Any CPU
		{B240CA9B-54EF-441C-AE42-B6A21928787D}.Release|x86.ActiveCfg = Release|Any CPU
		{B240CA9B-54EF-441C-AE42-B6A21928787D}.Release|x86.Build.0 = Release|Any CPU
		{A59F6641-812F-4531-A019-B02EC1011203}.Debug|Any CPU.ActiveCfg = Debug|Any CPU
		{A59F6641-812F-4531-A019-B02EC1011203}.Debug|Any CPU.Build.0 = Debug|Any CPU
		{A59F6641-812F-4531-A019-B02EC1011203}.Debug|x64.ActiveCfg = Debug|Any CPU
		{A59F6641-812F-4531-A019-B02EC1011203}.Debug|x64.Build.0 = Debug|Any CPU
		{A59F6641-812F-4531-A019-B02EC1011203}.Debug|x86.ActiveCfg = Debug|Any CPU
		{A59F6641-812F-4531-A019-B02EC1011203}.Debug|x86.Build.0 = Debug|Any CPU
		{A59F6641-812F-4531-A019-B02EC1011203}.Release|Any CPU.ActiveCfg = Release|Any CPU
		{A59F6641-812F-4531-A019-B02EC1011203}.Release|Any CPU.Build.0 = Release|Any CPU
		{A59F6641-812F-4531-A019-B02EC1011203}.Release|x64.ActiveCfg = Release|Any CPU
		{A59F6641-812F-4531-A019-B02EC1011203}.Release|x64.Build.0 = Release|Any CPU
		{A59F6641-812F-4531-A019-B02EC1011203}.Release|x86.ActiveCfg = Release|Any CPU
		{A59F6641-812F-4531-A019-B02EC1011203}.Release|x86.Build.0 = Release|Any CPU
	EndGlobalSection
	GlobalSection(SolutionProperties) = preSolution
		HideSolutionNode = FALSE
	EndGlobalSection
	GlobalSection(NestedProjects) = preSolution
		{CFF192AF-DE58-4E0B-B92B-6EE16B16D284} = {827E0CD3-B72D-47B6-A68D-7590B98EB39B}
		{5BF7029E-50EF-4F3B-9268-924120F2818B} = {0AB3BF05-4346-4AA6-1389-037BE0695223}
		{B240CA9B-54EF-441C-AE42-B6A21928787D} = {5D20AA90-6969-D8BD-9DCD-8634F4692FDA}
		{A59F6641-812F-4531-A019-B02EC1011203} = {5D20AA90-6969-D8BD-9DCD-8634F4692FDA}
	EndGlobalSection
EndGlobal
